
Microsoft Visual Studio Solution File, Format Version 12.00
# Visual Studio 15
VisualStudioVersion = 15.0.28307.705
MinimumVisualStudioVersion = 10.0.40219.1
Project("{FAE04EC0-301F-11D3-BF4B-00C04F79EFBC}") = "VidlyMovieRental", "VidlyMovieRental\VidlyMovieRental.csproj", "{23F929D7-60EE-4131-A627-3CCC586C469B}"
EndProject
Global
	GlobalSection(SolutionConfigurationPlatforms) = preSolution
		Debug|Any CPU = Debug|Any CPU
		Release|Any CPU = Release|Any CPU
	EndGlobalSection
	GlobalSection(ProjectConfigurationPlatforms) = postSolution
		{23F929D7-60EE-4131-A627-3CCC586C469B}.Debug|Any CPU.ActiveCfg = Debug|Any CPU
		{23F929D7-60EE-4131-A627-3CCC586C469B}.Debug|Any CPU.Build.0 = Debug|Any CPU
		{23F929D7-60EE-4131-A627-3CCC586C469B}.Release|Any CPU.ActiveCfg = Release|Any CPU
		{23F929D7-60EE-4131-A627-3CCC586C469B}.Release|Any CPU.Build.0 = Release|Any CPU
	EndGlobalSection
	GlobalSection(SolutionProperties) = preSolution
		HideSolutionNode = FALSE
	EndGlobalSection
	GlobalSection(ExtensibilityGlobals) = postSolution
		SolutionGuid = {03981F00-105C-4A30-81CC-999A8011806F}
	EndGlobalSection
EndGlobal
